<?xml version="1.0" encoding="utf-8"?>
<Project ToolsVersion="4.0" xmlns="http://schemas.microsoft.com/developer/msbuild/2003">
  <ItemGroup>
    <Filter Include="Source Files">
      <UniqueIdentifier>{4FC737F1-C7A5-4376-A066-2A32D752A2FF}</UniqueIdentifier>
      <Extensions>cpp;c;cc;cxx;c++;cppm;ixx;def;odl;idl;hpj;bat;asm;asmx</Extensions>
    </Filter>
    <Filter Include="Header Files">
      <UniqueIdentifier>{93995380-89BD-4b04-88EB-625FBE52EBFB}</UniqueIdentifier>
      <Extensions>h;hh;hpp;hxx;h++;hm;inl;inc;ipp;xsd</Extensions>
    </Filter>
    <Filter Include="Resource Files">
      <UniqueIdentifier>{67DA6AB6-F800-4c08-8B7A-83BB121AAD01}</UniqueIdentifier>
      <Extensions>rc;ico;cur;bmp;dlg;rc2;rct;bin;rgs;gif;jpg;jpeg;jpe;resx;tiff;tif;png;wav;mfcribbon-ms</Extensions>
    </Filter>
  </ItemGroup>
  <ItemGroup>
    <ClCompile Include="main.cpp">
      <Filter>Source Files</Filter>
    </ClCompile>
    <ClCompile Include="bookDonate.cpp">
      <Filter>Source Files</Filter>
    </ClCompile>
    <ClCompile Include="bookCheckout.cpp">
      <Filter>Source Files</Filter>
    </ClCompile>
    <ClCompile Include="bookReturn.cpp">
      <Filter>Source Files</Filter>
    </ClCompile>
    <ClCompile Include="bookSearch.cpp">
      <Filter>Source Files</Filter>
    </ClCompile>
    <ClCompile Include="bookRemove.cpp">
      <Filter>Source Files</Filter>
    </ClCompile>
    <ClCompile Include="bookSort.cpp">
      <Filter>Source Files</Filter>
    </ClCompile>
    <ClCompile Include="saveLibrary.cpp">
      <Filter>Source Files</Filter>
    </ClCompile>
    <ClCompile Include="loadLibrary.cpp">
      <Filter>Source Files</Filter>
    </ClCompile>
  </ItemGroup>
  <ItemGroup>
    <ClInclude Include="standards.h">
      <Filter>Header Files</Filter>
    </ClInclude>
    <ClInclude Include="bookDonate.h">
      <Filter>Header Files</Filter>
    </ClInclude>
    <ClInclude Include="bookCheckout.h">
      <Filter>Header Files</Filter>
    </ClInclude>
    <ClInclude Include="bookReturn.h">
      <Filter>Header Files</Filter>
    </ClInclude>
    <ClInclude Include="bookStruct.h">
      <Filter>Header Files</Filter>
    </ClInclude>
    <ClInclude Include="bookSearch.h">
      <Filter>Header Files</Filter>
    </ClInclude>
    <ClInclude Include="bookRemove.h">
      <Filter>Header Files</Filter>
    </ClInclude>
    <ClInclude Include="bookSort.h">
      <Filter>Header Files</Filter>
    </ClInclude>
    <ClInclude Include="saveLibrary.h">
      <Filter>Header Files</Filter>
    </ClInclude>
    <ClInclude Include="loadLibrary.h">
      <Filter>Header Files</Filter>
    </ClInclude>
  </ItemGroup>
  <ItemGroup>
    <None Include="UnsortedLibrary.txt">
      <Filter>Source Files</Filter>
    </None>
  </ItemGroup>
  <ItemGroup>
    <Text Include="SortedLibrary.txt">
      <Filter>Source Files</Filter>
    </Text>
  </ItemGroup>
</Project>